<?xml version="1.0" encoding="utf-8"?>
<Project ToolsVersion="4.0" xmlns="http://schemas.microsoft.com/developer/msbuild/2003">
  <ItemGroup>
    <Filter Include="소스 파일">
      <UniqueIdentifier>{4FC737F1-C7A5-4376-A066-2A32D752A2FF}</UniqueIdentifier>
      <Extensions>cpp;c;cc;cxx;def;odl;idl;hpj;bat;asm;asmx</Extensions>
    </Filter>
    <Filter Include="헤더 파일">
      <UniqueIdentifier>{93995380-89BD-4b04-88EB-625FBE52EBFB}</UniqueIdentifier>
      <Extensions>h;hh;hpp;hxx;hm;inl;inc;xsd</Extensions>
    </Filter>
    <Filter Include="리소스 파일">
      <UniqueIdentifier>{67DA6AB6-F800-4c08-8B7A-83BB121AAD01}</UniqueIdentifier>
      <Extensions>rc;ico;cur;bmp;dlg;rc2;rct;bin;rgs;gif;jpg;jpeg;jpe;resx;tiff;tif;png;wav;mfcribbon-ms</Extensions>
    </Filter>
    <Filter Include="LineMgr">
      <UniqueIdentifier>{732a50fe-50ff-4eed-8bad-3c20415abcf6}</UniqueIdentifier>
    </Filter>
    <Filter Include="KeyMgr">
      <UniqueIdentifier>{e8e92e81-e7ca-4256-9c03-9b8ed75a2485}</UniqueIdentifier>
    </Filter>
    <Filter Include="MainGame">
      <UniqueIdentifier>{a3615b87-cb39-43be-bf2f-5d08618a9ffe}</UniqueIdentifier>
    </Filter>
    <Filter Include="ScrollMgr">
      <UniqueIdentifier>{d7afa140-dad9-420f-b6f2-24275ebc2f89}</UniqueIdentifier>
    </Filter>
    <Filter Include="EditMgr">
      <UniqueIdentifier>{67f43529-0995-4028-93b1-196f9e424e93}</UniqueIdentifier>
    </Filter>
    <Filter Include="Obj">
      <UniqueIdentifier>{3d0dccf6-4416-423a-b77a-edf92ed7fed3}</UniqueIdentifier>
    </Filter>
    <Filter Include="Obj\Wall">
      <UniqueIdentifier>{58e1cfdf-c63b-4286-9b8f-2e809cc7e2ea}</UniqueIdentifier>
    </Filter>
    <Filter Include="ObjMgr">
      <UniqueIdentifier>{33078869-9fa9-41c5-961d-98a87e7c7074}</UniqueIdentifier>
    </Filter>
    <Filter Include="AbstractFactory">
      <UniqueIdentifier>{74b363af-9bd1-4ebb-bdf9-92cb558e56d3}</UniqueIdentifier>
    </Filter>
    <Filter Include="BmpMgr">
      <UniqueIdentifier>{5067e2b5-b341-4882-8fe4-050b2cdee711}</UniqueIdentifier>
    </Filter>
    <Filter Include="BmpMgr\MyBmp">
      <UniqueIdentifier>{30b79e99-d424-4741-8f5a-5d2972855231}</UniqueIdentifier>
    </Filter>
  </ItemGroup>
  <ItemGroup>
    <Text Include="ReadMe.txt" />
  </ItemGroup>
  <ItemGroup>
    <ClInclude Include="stdafx.h">
      <Filter>헤더 파일</Filter>
    </ClInclude>
    <ClInclude Include="targetver.h">
      <Filter>헤더 파일</Filter>
    </ClInclude>
    <ClInclude Include="Resource.h">
      <Filter>헤더 파일</Filter>
    </ClInclude>
    <ClInclude Include="Edit.h">
      <Filter>헤더 파일</Filter>
    </ClInclude>
    <ClInclude Include="Line.h">
      <Filter>LineMgr</Filter>
    </ClInclude>
    <ClInclude Include="LineMgr.h">
      <Filter>LineMgr</Filter>
    </ClInclude>
    <ClInclude Include="KeyMgr.h">
      <Filter>KeyMgr</Filter>
    </ClInclude>
    <ClInclude Include="MainGame.h">
      <Filter>MainGame</Filter>
    </ClInclude>
    <ClInclude Include="ScrollMgr.h">
      <Filter>ScrollMgr</Filter>
    </ClInclude>
    <ClInclude Include="EditMgr.h">
      <Filter>EditMgr</Filter>
    </ClInclude>
    <ClInclude Include="Obj.h">
      <Filter>Obj</Filter>
    </ClInclude>
    <ClInclude Include="Wall.h">
      <Filter>Obj\Wall</Filter>
    </ClInclude>
    <ClInclude Include="ObjMgr.h">
      <Filter>ObjMgr</Filter>
    </ClInclude>
    <ClInclude Include="AbstractFactory.h">
      <Filter>AbstractFactory</Filter>
    </ClInclude>
    <ClInclude Include="..\Frame128\BmpMgr.h">
      <Filter>BmpMgr</Filter>
    </ClInclude>
    <ClInclude Include="..\Frame128\MyBmp.h">
      <Filter>BmpMgr\MyBmp</Filter>
    </ClInclude>
  </ItemGroup>
  <ItemGroup>
    <ClCompile Include="stdafx.cpp">
      <Filter>소스 파일</Filter>
    </ClCompile>
    <ClCompile Include="Line.cpp">
      <Filter>LineMgr</Filter>
    </ClCompile>
    <ClCompile Include="LineMgr.cpp">
      <Filter>LineMgr</Filter>
    </ClCompile>
    <ClCompile Include="KeyMgr.cpp">
      <Filter>KeyMgr</Filter>
    </ClCompile>
    <ClCompile Include="MainGame.cpp">
      <Filter>MainGame</Filter>
    </ClCompile>
    <ClCompile Include="ScrollMgr.cpp">
      <Filter>ScrollMgr</Filter>
    </ClCompile>
    <ClCompile Include="EditMgr.cpp">
      <Filter>EditMgr</Filter>
    </ClCompile>
    <ClCompile Include="Obj.cpp">
      <Filter>Obj</Filter>
    </ClCompile>
    <ClCompile Include="Wall.cpp">
      <Filter>Obj\Wall</Filter>
    </ClCompile>
    <ClCompile Include="ObjMgr.cpp">
      <Filter>ObjMgr</Filter>
    </ClCompile>
    <ClCompile Include="..\Frame128\BmpMgr.cpp">
      <Filter>BmpMgr</Filter>
    </ClCompile>
    <ClCompile Include="..\Frame128\MyBmp.cpp">
      <Filter>BmpMgr\MyBmp</Filter>
    </ClCompile>
    <ClCompile Include="Edit.cpp">
      <Filter>소스 파일</Filter>
    </ClCompile>
  </ItemGroup>
  <ItemGroup>
    <ResourceCompile Include="Edit.rc">
      <Filter>리소스 파일</Filter>
    </ResourceCompile>
  </ItemGroup>
  <ItemGroup>
    <Image Include="small.ico">
      <Filter>리소스 파일</Filter>
    </Image>
    <Image Include="Edit.ico">
      <Filter>리소스 파일</Filter>
    </Image>
  </ItemGroup>
</Project>